
Microsoft Visual Studio Solution File, Format Version 12.00
# Visual Studio Version 16
VisualStudioVersion = 16.0.30114.105
MinimumVisualStudioVersion = 10.0.40219.1
Project("{FAE04EC0-301F-11D3-BF4B-00C04F79EFBC}") = "SampleDotnetProject", "SampleDotnetProject\SampleDotnetProject.csproj", "{E7694C45-6062-4A88-9ED3-AE6515B80423}"
EndProject
Global
	GlobalSection(SolutionConfigurationPlatforms) = preSolution
		Debug|Any CPU = Debug|Any CPU
		Release|Any CPU = Release|Any CPU
	EndGlobalSection
	GlobalSection(ProjectConfigurationPlatforms) = postSolution
		{E7694C45-6062-4A88-9ED3-AE6515B80423}.Debug|Any CPU.ActiveCfg = Debug|Any CPU
		{E7694C45-6062-4A88-9ED3-AE6515B80423}.Debug|Any CPU.Build.0 = Debug|Any CPU
		{E7694C45-6062-4A88-9ED3-AE6515B80423}.Release|Any CPU.ActiveCfg = Release|Any CPU
		{E7694C45-6062-4A88-9ED3-AE6515B80423}.Release|Any CPU.Build.0 = Release|Any CPU
	EndGlobalSection
	GlobalSection(SolutionProperties) = preSolution
		HideSolutionNode = FALSE
	EndGlobalSection
	GlobalSection(ExtensibilityGlobals) = postSolution
		SolutionGuid = {94FDC33C-8AF0-4B3C-B21F-E741BEF20DD6}
	EndGlobalSection
EndGlobal
